
Microsoft Visual Studio Solution File, Format Version 12.00
# Visual Studio 14
VisualStudioVersion = 14.0.24720.0
MinimumVisualStudioVersion = 10.0.40219.1
Project("{FAE04EC0-301F-11D3-BF4B-00C04F79EFBC}") = "SampleProjectAspNetMvc", "SampleProjectAspNetMvc\SampleProjectAspNetMvc.csproj", "{829790F2-D975-4773-9A66-97DAA813FDBF}"
EndProject
Global
	GlobalSection(SolutionConfigurationPlatforms) = preSolution
		Debug|Any CPU = Debug|Any CPU
		Release|Any CPU = Release|Any CPU
	EndGlobalSection
	GlobalSection(ProjectConfigurationPlatforms) = postSolution
		{829790F2-D975-4773-9A66-97DAA813FDBF}.Debug|Any CPU.ActiveCfg = Debug|Any CPU
		{829790F2-D975-4773-9A66-97DAA813FDBF}.Debug|Any CPU.Build.0 = Debug|Any CPU
		{829790F2-D975-4773-9A66-97DAA813FDBF}.Release|Any CPU.ActiveCfg = Release|Any CPU
		{829790F2-D975-4773-9A66-97DAA813FDBF}.Release|Any CPU.Build.0 = Release|Any CPU
	EndGlobalSection
	GlobalSection(SolutionProperties) = preSolution
		HideSolutionNode = FALSE
	EndGlobalSection
EndGlobal
